// !$*UTF8*$!
{
	archiveVersion = 1;
	classes = {
	};
	objectVersion = 46;
	objects = {

/* Begin PBXFileReference section */
		46E3FEF316AD3CE700BD305F /* Abstract.hpp */ = {isa = PBXFileReference; lastKnownFileType = sourcecode.cpp.h; path = Abstract.hpp; sourceTree = "<group>"; };
		46E3FEF416AD3CE700BD305F /* AbstractBox.hpp */ = {isa = PBXFileReference; lastKnownFileType = sourcecode.cpp.h; path = AbstractBox.hpp; sourceTree = "<group>"; };
		46E3FEF516AD3CE700BD305F /* AbstractComment.hpp */ = {isa = PBXFileReference; lastKnownFileType = sourcecode.cpp.h; path = AbstractComment.hpp; sourceTree = "<group>"; };
		46E3FEF616AD3CE700BD305F /* AbstractControlBox.hpp */ = {isa = PBXFileReference; lastKnownFileType = sourcecode.cpp.h; path = AbstractControlBox.hpp; sourceTree = "<group>"; };
		46E3FEF716AD3CE700BD305F /* AbstractCurve.hpp */ = {isa = PBXFileReference; lastKnownFileType = sourcecode.cpp.h; path = AbstractCurve.hpp; sourceTree = "<group>"; };
		46E3FEF816AD3CE700BD305F /* AbstractParentBox.hpp */ = {isa = PBXFileReference; lastKnownFileType = sourcecode.cpp.h; path = AbstractParentBox.hpp; sourceTree = "<group>"; };
		46E3FEF916AD3CE700BD305F /* AbstractRelation.hpp */ = {isa = PBXFileReference; lastKnownFileType = sourcecode.cpp.h; path = AbstractRelation.hpp; sourceTree = "<group>"; };
		46E3FEFA16AD3CE700BD305F /* AbstractSoundBox.hpp */ = {isa = PBXFileReference; lastKnownFileType = sourcecode.cpp.h; path = AbstractSoundBox.hpp; sourceTree = "<group>"; };
		46E3FEFB16AD3CE700BD305F /* AbstractTriggerPoint.hpp */ = {isa = PBXFileReference; lastKnownFileType = sourcecode.cpp.h; path = AbstractTriggerPoint.hpp; sourceTree = "<group>"; };
		46E3FEFC16AD3CE700BD305F /* EnumPalette.hpp */ = {isa = PBXFileReference; lastKnownFileType = sourcecode.cpp.h; path = EnumPalette.hpp; sourceTree = "<group>"; };
		46E3FEFD16AD3CE700BD305F /* Maquette.hpp */ = {isa = PBXFileReference; lastKnownFileType = sourcecode.cpp.h; path = Maquette.hpp; sourceTree = "<group>"; };
		46E3FEFE16AD3CE700BD305F /* NetworkMessages.hpp */ = {isa = PBXFileReference; lastKnownFileType = sourcecode.cpp.h; path = NetworkMessages.hpp; sourceTree = "<group>"; };
		46E3FEFF16AD3CE700BD305F /* Palette.hpp */ = {isa = PBXFileReference; lastKnownFileType = sourcecode.cpp.h; path = Palette.hpp; sourceTree = "<group>"; };
		46E3FF0116AD3CE700BD305F /* AttributesEditor.hpp */ = {isa = PBXFileReference; lastKnownFileType = sourcecode.cpp.h; path = AttributesEditor.hpp; sourceTree = "<group>"; };
		46E3FF0216AD3CE700BD305F /* BasicBox.hpp */ = {isa = PBXFileReference; lastKnownFileType = sourcecode.cpp.h; path = BasicBox.hpp; sourceTree = "<group>"; };
		46E3FF0316AD3CE700BD305F /* BoxContextMenu.hpp */ = {isa = PBXFileReference; lastKnownFileType = sourcecode.cpp.h; path = BoxContextMenu.hpp; sourceTree = "<group>"; };
		46E3FF0416AD3CE700BD305F /* BoxCurveEdit.hpp */ = {isa = PBXFileReference; lastKnownFileType = sourcecode.cpp.h; path = BoxCurveEdit.hpp; sourceTree = "<group>"; };
		46E3FF0516AD3CE700BD305F /* BoxWidget.hpp */ = {isa = PBXFileReference; lastKnownFileType = sourcecode.cpp.h; path = BoxWidget.hpp; sourceTree = "<group>"; };
		46E3FF0616AD3CE700BD305F /* ChooseTemporalRelation.hpp */ = {isa = PBXFileReference; lastKnownFileType = sourcecode.cpp.h; path = ChooseTemporalRelation.hpp; sourceTree = "<group>"; };
		46E3FF0716AD3CE700BD305F /* Comment.hpp */ = {isa = PBXFileReference; lastKnownFileType = sourcecode.cpp.h; path = Comment.hpp; sourceTree = "<group>"; };
		46E3FF0816AD3CE700BD305F /* ControlBox.hpp */ = {isa = PBXFileReference; lastKnownFileType = sourcecode.cpp.h; path = ControlBox.hpp; sourceTree = "<group>"; };
		46E3FF0916AD3CE700BD305F /* ControlBoxContextMenu.hpp */ = {isa = PBXFileReference; lastKnownFileType = sourcecode.cpp.h; path = ControlBoxContextMenu.hpp; sourceTree = "<group>"; };
		46E3FF0A16AD3CE700BD305F /* CurvesWidget.hpp */ = {isa = PBXFileReference; lastKnownFileType = sourcecode.cpp.h; path = CurvesWidget.hpp; sourceTree = "<group>"; };
		46E3FF0B16AD3CE700BD305F /* CurveWidget.hpp */ = {isa = PBXFileReference; lastKnownFileType = sourcecode.cpp.h; path = CurveWidget.hpp; sourceTree = "<group>"; };
		46E3FF0C16AD3CE700BD305F /* Help.hpp */ = {isa = PBXFileReference; lastKnownFileType = sourcecode.cpp.h; path = Help.hpp; sourceTree = "<group>"; };
		46E3FF0D16AD3CE700BD305F /* Interpolation.hpp */ = {isa = PBXFileReference; lastKnownFileType = sourcecode.cpp.h; path = Interpolation.hpp; sourceTree = "<group>"; };
		46E3FF0E16AD3CE700BD305F /* LogarithmicSlider.hpp */ = {isa = PBXFileReference; lastKnownFileType = sourcecode.cpp.h; path = LogarithmicSlider.hpp; sourceTree = "<group>"; };
		46E3FF0F16AD3CE700BD305F /* MainWindow.hpp */ = {isa = PBXFileReference; lastKnownFileType = sourcecode.cpp.h; path = MainWindow.hpp; sourceTree = "<group>"; };
		46E3FF1016AD3CE700BD305F /* MaquetteScene.hpp */ = {isa = PBXFileReference; lastKnownFileType = sourcecode.cpp.h; path = MaquetteScene.hpp; sourceTree = "<group>"; };
		46E3FF1116AD3CE700BD305F /* MaquetteView.hpp */ = {isa = PBXFileReference; lastKnownFileType = sourcecode.cpp.h; path = MaquetteView.hpp; sourceTree = "<group>"; };
		46E3FF1216AD3CE700BD305F /* MaquetteWidget.hpp */ = {isa = PBXFileReference; lastKnownFileType = sourcecode.cpp.h; path = MaquetteWidget.hpp; sourceTree = "<group>"; };
		46E3FF1316AD3CE700BD305F /* NetworkConfig.hpp */ = {isa = PBXFileReference; lastKnownFileType = sourcecode.cpp.h; path = NetworkConfig.hpp; sourceTree = "<group>"; };
		46E3FF1416AD3CE700BD305F /* NetworkMessagesEditor.hpp */ = {isa = PBXFileReference; lastKnownFileType = sourcecode.cpp.h; path = NetworkMessagesEditor.hpp; sourceTree = "<group>"; };
		46E3FF1516AD3CE700BD305F /* NetworkTree.hpp */ = {isa = PBXFileReference; lastKnownFileType = sourcecode.cpp.h; path = NetworkTree.hpp; sourceTree = "<group>"; };
		46E3FF1616AD3CE700BD305F /* ParentBox.hpp */ = {isa = PBXFileReference; lastKnownFileType = sourcecode.cpp.h; path = ParentBox.hpp; sourceTree = "<group>"; };
		46E3FF1716AD3CE700BD305F /* ParentBoxContextMenu.hpp */ = {isa = PBXFileReference; lastKnownFileType = sourcecode.cpp.h; path = ParentBoxContextMenu.hpp; sourceTree = "<group>"; };
		46E3FF1816AD3CE700BD305F /* PlayingThread.hpp */ = {isa = PBXFileReference; lastKnownFileType = sourcecode.cpp.h; path = PlayingThread.hpp; sourceTree = "<group>"; };
		46E3FF1916AD3CE700BD305F /* PreviewArea.hpp */ = {isa = PBXFileReference; lastKnownFileType = sourcecode.cpp.h; path = PreviewArea.hpp; sourceTree = "<group>"; };
		46E3FF1A16AD3CE700BD305F /* Relation.hpp */ = {isa = PBXFileReference; lastKnownFileType = sourcecode.cpp.h; path = Relation.hpp; sourceTree = "<group>"; };
		46E3FF1B16AD3CE700BD305F /* RelationEdit.hpp */ = {isa = PBXFileReference; lastKnownFileType = sourcecode.cpp.h; path = RelationEdit.hpp; sourceTree = "<group>"; };
		46E3FF1C16AD3CE700BD305F /* SoundBox.hpp */ = {isa = PBXFileReference; lastKnownFileType = sourcecode.cpp.h; path = SoundBox.hpp; sourceTree = "<group>"; };
		46E3FF1D16AD3CE700BD305F /* SoundBoxContextMenu.hpp */ = {isa = PBXFileReference; lastKnownFileType = sourcecode.cpp.h; path = SoundBoxContextMenu.hpp; sourceTree = "<group>"; };
		46E3FF1E16AD3CE700BD305F /* TextEdit.hpp */ = {isa = PBXFileReference; lastKnownFileType = sourcecode.cpp.h; path = TextEdit.hpp; sourceTree = "<group>"; };
		46E3FF1F16AD3CE700BD305F /* TimeBarWidget.hpp */ = {isa = PBXFileReference; lastKnownFileType = sourcecode.cpp.h; path = TimeBarWidget.hpp; sourceTree = "<group>"; };
		46E3FF2016AD3CE700BD305F /* TreeMap.hpp */ = {isa = PBXFileReference; lastKnownFileType = sourcecode.cpp.h; path = TreeMap.hpp; sourceTree = "<group>"; };
		46E3FF2116AD3CE700BD305F /* TreeMapElement.hpp */ = {isa = PBXFileReference; lastKnownFileType = sourcecode.cpp.h; path = TreeMapElement.hpp; sourceTree = "<group>"; };
		46E3FF2216AD3CE700BD305F /* TriggerPoint.hpp */ = {isa = PBXFileReference; lastKnownFileType = sourcecode.cpp.h; path = TriggerPoint.hpp; sourceTree = "<group>"; };
		46E3FF2316AD3CE700BD305F /* ViewRelations.hpp */ = {isa = PBXFileReference; lastKnownFileType = sourcecode.cpp.h; path = ViewRelations.hpp; sourceTree = "<group>"; };
		46E3FF2716AD3CFB00BD305F /* Abstract.cpp */ = {isa = PBXFileReference; lastKnownFileType = sourcecode.cpp.cpp; path = Abstract.cpp; sourceTree = "<group>"; };
		46E3FF2816AD3CFB00BD305F /* AbstractBox.cpp */ = {isa = PBXFileReference; lastKnownFileType = sourcecode.cpp.cpp; path = AbstractBox.cpp; sourceTree = "<group>"; };
		46E3FF2916AD3CFB00BD305F /* AbstractComment.cpp */ = {isa = PBXFileReference; lastKnownFileType = sourcecode.cpp.cpp; path = AbstractComment.cpp; sourceTree = "<group>"; };
		46E3FF2A16AD3CFB00BD305F /* AbstractControlBox.cpp */ = {isa = PBXFileReference; lastKnownFileType = sourcecode.cpp.cpp; path = AbstractControlBox.cpp; sourceTree = "<group>"; };
		46E3FF2B16AD3CFB00BD305F /* AbstractCurve.cpp */ = {isa = PBXFileReference; lastKnownFileType = sourcecode.cpp.cpp; path = AbstractCurve.cpp; sourceTree = "<group>"; };
		46E3FF2C16AD3CFB00BD305F /* AbstractParentBox.cpp */ = {isa = PBXFileReference; lastKnownFileType = sourcecode.cpp.cpp; path = AbstractParentBox.cpp; sourceTree = "<group>"; };
		46E3FF2D16AD3CFB00BD305F /* AbstractRelation.cpp */ = {isa = PBXFileReference; lastKnownFileType = sourcecode.cpp.cpp; path = AbstractRelation.cpp; sourceTree = "<group>"; };
		46E3FF2E16AD3CFB00BD305F /* AbstractSoundBox.cpp */ = {isa = PBXFileReference; lastKnownFileType = sourcecode.cpp.cpp; path = AbstractSoundBox.cpp; sourceTree = "<group>"; };
		46E3FF2F16AD3CFB00BD305F /* AbstractTriggerPoint.cpp */ = {isa = PBXFileReference; lastKnownFileType = sourcecode.cpp.cpp; path = AbstractTriggerPoint.cpp; sourceTree = "<group>"; };
		46E3FF3016AD3CFB00BD305F /* Maquette.cpp */ = {isa = PBXFileReference; lastKnownFileType = sourcecode.cpp.cpp; path = Maquette.cpp; sourceTree = "<group>"; };
		46E3FF3116AD3CFB00BD305F /* NetworkMessages.cpp */ = {isa = PBXFileReference; lastKnownFileType = sourcecode.cpp.cpp; path = NetworkMessages.cpp; sourceTree = "<group>"; };
		46E3FF3216AD3CFB00BD305F /* Palette.cpp */ = {isa = PBXFileReference; lastKnownFileType = sourcecode.cpp.cpp; path = Palette.cpp; sourceTree = "<group>"; };
		46E3FF3416AD3CFB00BD305F /* AttributeEditor.cpp */ = {isa = PBXFileReference; lastKnownFileType = sourcecode.cpp.cpp; path = AttributeEditor.cpp; sourceTree = "<group>"; };
		46E3FF3516AD3CFB00BD305F /* BasicBox.cpp */ = {isa = PBXFileReference; lastKnownFileType = sourcecode.cpp.cpp; path = BasicBox.cpp; sourceTree = "<group>"; };
		46E3FF3616AD3CFB00BD305F /* BoxContextMenu.cpp */ = {isa = PBXFileReference; lastKnownFileType = sourcecode.cpp.cpp; path = BoxContextMenu.cpp; sourceTree = "<group>"; };
		46E3FF3716AD3CFB00BD305F /* BoxCurveEdit.cpp */ = {isa = PBXFileReference; lastKnownFileType = sourcecode.cpp.cpp; path = BoxCurveEdit.cpp; sourceTree = "<group>"; };
		46E3FF3816AD3CFB00BD305F /* BoxWidget.cpp */ = {isa = PBXFileReference; lastKnownFileType = sourcecode.cpp.cpp; path = BoxWidget.cpp; sourceTree = "<group>"; };
		46E3FF3916AD3CFB00BD305F /* ChooseTemporalRelation.cpp */ = {isa = PBXFileReference; lastKnownFileType = sourcecode.cpp.cpp; path = ChooseTemporalRelation.cpp; sourceTree = "<group>"; };
		46E3FF3A16AD3CFB00BD305F /* Comment.cpp */ = {isa = PBXFileReference; lastKnownFileType = sourcecode.cpp.cpp; path = Comment.cpp; sourceTree = "<group>"; };
		46E3FF3B16AD3CFB00BD305F /* ControlBox.cpp */ = {isa = PBXFileReference; lastKnownFileType = sourcecode.cpp.cpp; path = ControlBox.cpp; sourceTree = "<group>"; };
		46E3FF3C16AD3CFB00BD305F /* ControlBoxContextMenu.cpp */ = {isa = PBXFileReference; lastKnownFileType = sourcecode.cpp.cpp; path = ControlBoxContextMenu.cpp; sourceTree = "<group>"; };
		46E3FF3D16AD3CFB00BD305F /* CurvesWidget.cpp */ = {isa = PBXFileReference; lastKnownFileType = sourcecode.cpp.cpp; path = CurvesWidget.cpp; sourceTree = "<group>"; };
		46E3FF3E16AD3CFB00BD305F /* CurveWidget.cpp */ = {isa = PBXFileReference; lastKnownFileType = sourcecode.cpp.cpp; path = CurveWidget.cpp; sourceTree = "<group>"; };
		46E3FF3F16AD3CFB00BD305F /* Help.cpp */ = {isa = PBXFileReference; lastKnownFileType = sourcecode.cpp.cpp; path = Help.cpp; sourceTree = "<group>"; };
		46E3FF4016AD3CFB00BD305F /* Interpolation.cpp */ = {isa = PBXFileReference; lastKnownFileType = sourcecode.cpp.cpp; path = Interpolation.cpp; sourceTree = "<group>"; };
		46E3FF4116AD3CFB00BD305F /* LogarithmicSlider.cpp */ = {isa = PBXFileReference; lastKnownFileType = sourcecode.cpp.cpp; path = LogarithmicSlider.cpp; sourceTree = "<group>"; };
		46E3FF4216AD3CFB00BD305F /* MainWindow.cpp */ = {isa = PBXFileReference; lastKnownFileType = sourcecode.cpp.cpp; path = MainWindow.cpp; sourceTree = "<group>"; };
		46E3FF4316AD3CFB00BD305F /* MaquetteScene.cpp */ = {isa = PBXFileReference; lastKnownFileType = sourcecode.cpp.cpp; path = MaquetteScene.cpp; sourceTree = "<group>"; };
		46E3FF4416AD3CFB00BD305F /* MaquetteView.cpp */ = {isa = PBXFileReference; lastKnownFileType = sourcecode.cpp.cpp; path = MaquetteView.cpp; sourceTree = "<group>"; };
		46E3FF4516AD3CFB00BD305F /* MaquetteWidget.cpp */ = {isa = PBXFileReference; lastKnownFileType = sourcecode.cpp.cpp; path = MaquetteWidget.cpp; sourceTree = "<group>"; };
		46E3FF4616AD3CFB00BD305F /* NetworkConfig.cpp */ = {isa = PBXFileReference; lastKnownFileType = sourcecode.cpp.cpp; path = NetworkConfig.cpp; sourceTree = "<group>"; };
		46E3FF4716AD3CFB00BD305F /* NetworkMessagesEditor.cpp */ = {isa = PBXFileReference; lastKnownFileType = sourcecode.cpp.cpp; path = NetworkMessagesEditor.cpp; sourceTree = "<group>"; };
		46E3FF4816AD3CFB00BD305F /* NetworkTree.cpp */ = {isa = PBXFileReference; lastKnownFileType = sourcecode.cpp.cpp; path = NetworkTree.cpp; sourceTree = "<group>"; };
		46E3FF4916AD3CFB00BD305F /* ParentBox.cpp */ = {isa = PBXFileReference; lastKnownFileType = sourcecode.cpp.cpp; path = ParentBox.cpp; sourceTree = "<group>"; };
		46E3FF4A16AD3CFB00BD305F /* ParentBoxContextMenu.cpp */ = {isa = PBXFileReference; lastKnownFileType = sourcecode.cpp.cpp; path = ParentBoxContextMenu.cpp; sourceTree = "<group>"; };
		46E3FF4B16AD3CFB00BD305F /* PlayingThread.cpp */ = {isa = PBXFileReference; lastKnownFileType = sourcecode.cpp.cpp; path = PlayingThread.cpp; sourceTree = "<group>"; };
		46E3FF4C16AD3CFB00BD305F /* PreviewArea.cpp */ = {isa = PBXFileReference; lastKnownFileType = sourcecode.cpp.cpp; path = PreviewArea.cpp; sourceTree = "<group>"; };
		46E3FF4D16AD3CFB00BD305F /* Relation.cpp */ = {isa = PBXFileReference; lastKnownFileType = sourcecode.cpp.cpp; path = Relation.cpp; sourceTree = "<group>"; };
		46E3FF4E16AD3CFB00BD305F /* RelationEdit.cpp */ = {isa = PBXFileReference; lastKnownFileType = sourcecode.cpp.cpp; path = RelationEdit.cpp; sourceTree = "<group>"; };
		46E3FF4F16AD3CFB00BD305F /* SoundBox.cpp */ = {isa = PBXFileReference; lastKnownFileType = sourcecode.cpp.cpp; path = SoundBox.cpp; sourceTree = "<group>"; };
		46E3FF5016AD3CFB00BD305F /* SoundBoxContextMenu.cpp */ = {isa = PBXFileReference; lastKnownFileType = sourcecode.cpp.cpp; path = SoundBoxContextMenu.cpp; sourceTree = "<group>"; };
		46E3FF5116AD3CFB00BD305F /* TextEdit.cpp */ = {isa = PBXFileReference; lastKnownFileType = sourcecode.cpp.cpp; path = TextEdit.cpp; sourceTree = "<group>"; };
		46E3FF5216AD3CFB00BD305F /* TimeBarWidget.cpp */ = {isa = PBXFileReference; lastKnownFileType = sourcecode.cpp.cpp; path = TimeBarWidget.cpp; sourceTree = "<group>"; };
		46E3FF5316AD3CFB00BD305F /* TreeMap.cpp */ = {isa = PBXFileReference; lastKnownFileType = sourcecode.cpp.cpp; path = TreeMap.cpp; sourceTree = "<group>"; };
		46E3FF5416AD3CFB00BD305F /* TreeMapElement.cpp */ = {isa = PBXFileReference; lastKnownFileType = sourcecode.cpp.cpp; path = TreeMapElement.cpp; sourceTree = "<group>"; };
		46E3FF5516AD3CFB00BD305F /* TriggerPoint.cpp */ = {isa = PBXFileReference; lastKnownFileType = sourcecode.cpp.cpp; path = TriggerPoint.cpp; sourceTree = "<group>"; };
		46E3FF5616AD3CFB00BD305F /* ViewRelations.cpp */ = {isa = PBXFileReference; lastKnownFileType = sourcecode.cpp.cpp; path = ViewRelations.cpp; sourceTree = "<group>"; };
/* End PBXFileReference section */

/* Begin PBXGroup section */
		46BE0C1D16AD3CA600F3041C = {
			isa = PBXGroup;
			children = (
				46E3FEF116AD3CE700BD305F /* headers */,
				46E3FF2516AD3CFB00BD305F /* src */,
			);
			sourceTree = "<group>";
		};
		46E3FEF116AD3CE700BD305F /* headers */ = {
			isa = PBXGroup;
			children = (
				46E3FEF216AD3CE700BD305F /* data */,
				46E3FF0016AD3CE700BD305F /* GUI */,
			);
			path = headers;
			sourceTree = "<group>";
		};
		46E3FEF216AD3CE700BD305F /* data */ = {
			isa = PBXGroup;
			children = (
				46E3FEF316AD3CE700BD305F /* Abstract.hpp */,
				46E3FEF416AD3CE700BD305F /* AbstractBox.hpp */,
				46E3FEF516AD3CE700BD305F /* AbstractComment.hpp */,
				46E3FEF616AD3CE700BD305F /* AbstractControlBox.hpp */,
				46E3FEF716AD3CE700BD305F /* AbstractCurve.hpp */,
				46E3FEF816AD3CE700BD305F /* AbstractParentBox.hpp */,
				46E3FEF916AD3CE700BD305F /* AbstractRelation.hpp */,
				46E3FEFA16AD3CE700BD305F /* AbstractSoundBox.hpp */,
				46E3FEFB16AD3CE700BD305F /* AbstractTriggerPoint.hpp */,
				46E3FEFC16AD3CE700BD305F /* EnumPalette.hpp */,
				46E3FEFD16AD3CE700BD305F /* Maquette.hpp */,
				46E3FEFE16AD3CE700BD305F /* NetworkMessages.hpp */,
				46E3FEFF16AD3CE700BD305F /* Palette.hpp */,
			);
			path = data;
			sourceTree = "<group>";
		};
		46E3FF0016AD3CE700BD305F /* GUI */ = {
			isa = PBXGroup;
			children = (
				46E3FF0116AD3CE700BD305F /* AttributesEditor.hpp */,
				46E3FF0216AD3CE700BD305F /* BasicBox.hpp */,
				46E3FF0316AD3CE700BD305F /* BoxContextMenu.hpp */,
				46E3FF0416AD3CE700BD305F /* BoxCurveEdit.hpp */,
				46E3FF0516AD3CE700BD305F /* BoxWidget.hpp */,
				46E3FF0616AD3CE700BD305F /* ChooseTemporalRelation.hpp */,
				46E3FF0716AD3CE700BD305F /* Comment.hpp */,
				46E3FF0816AD3CE700BD305F /* ControlBox.hpp */,
				46E3FF0916AD3CE700BD305F /* ControlBoxContextMenu.hpp */,
				46E3FF0A16AD3CE700BD305F /* CurvesWidget.hpp */,
				46E3FF0B16AD3CE700BD305F /* CurveWidget.hpp */,
				46E3FF0C16AD3CE700BD305F /* Help.hpp */,
				46E3FF0D16AD3CE700BD305F /* Interpolation.hpp */,
				46E3FF0E16AD3CE700BD305F /* LogarithmicSlider.hpp */,
				46E3FF0F16AD3CE700BD305F /* MainWindow.hpp */,
				46E3FF1016AD3CE700BD305F /* MaquetteScene.hpp */,
				46E3FF1116AD3CE700BD305F /* MaquetteView.hpp */,
				46E3FF1216AD3CE700BD305F /* MaquetteWidget.hpp */,
				46E3FF1316AD3CE700BD305F /* NetworkConfig.hpp */,
				46E3FF1416AD3CE700BD305F /* NetworkMessagesEditor.hpp */,
				46E3FF1516AD3CE700BD305F /* NetworkTree.hpp */,
				46E3FF1616AD3CE700BD305F /* ParentBox.hpp */,
				46E3FF1716AD3CE700BD305F /* ParentBoxContextMenu.hpp */,
				46E3FF1816AD3CE700BD305F /* PlayingThread.hpp */,
				46E3FF1916AD3CE700BD305F /* PreviewArea.hpp */,
				46E3FF1A16AD3CE700BD305F /* Relation.hpp */,
				46E3FF1B16AD3CE700BD305F /* RelationEdit.hpp */,
				46E3FF1C16AD3CE700BD305F /* SoundBox.hpp */,
				46E3FF1D16AD3CE700BD305F /* SoundBoxContextMenu.hpp */,
				46E3FF1E16AD3CE700BD305F /* TextEdit.hpp */,
				46E3FF1F16AD3CE700BD305F /* TimeBarWidget.hpp */,
				46E3FF2016AD3CE700BD305F /* TreeMap.hpp */,
				46E3FF2116AD3CE700BD305F /* TreeMapElement.hpp */,
				46E3FF2216AD3CE700BD305F /* TriggerPoint.hpp */,
				46E3FF2316AD3CE700BD305F /* ViewRelations.hpp */,
			);
			path = GUI;
			sourceTree = "<group>";
		};
		46E3FF2516AD3CFB00BD305F /* src */ = {
			isa = PBXGroup;
			children = (
				46E3FF2616AD3CFB00BD305F /* data */,
				46E3FF3316AD3CFB00BD305F /* GUI */,
			);
			path = src;
			sourceTree = SOURCE_ROOT;
		};
		46E3FF2616AD3CFB00BD305F /* data */ = {
			isa = PBXGroup;
			children = (
				46E3FF2716AD3CFB00BD305F /* Abstract.cpp */,
				46E3FF2816AD3CFB00BD305F /* AbstractBox.cpp */,
				46E3FF2916AD3CFB00BD305F /* AbstractComment.cpp */,
				46E3FF2A16AD3CFB00BD305F /* AbstractControlBox.cpp */,
				46E3FF2B16AD3CFB00BD305F /* AbstractCurve.cpp */,
				46E3FF2C16AD3CFB00BD305F /* AbstractParentBox.cpp */,
				46E3FF2D16AD3CFB00BD305F /* AbstractRelation.cpp */,
				46E3FF2E16AD3CFB00BD305F /* AbstractSoundBox.cpp */,
				46E3FF2F16AD3CFB00BD305F /* AbstractTriggerPoint.cpp */,
				46E3FF3016AD3CFB00BD305F /* Maquette.cpp */,
				46E3FF3116AD3CFB00BD305F /* NetworkMessages.cpp */,
				46E3FF3216AD3CFB00BD305F /* Palette.cpp */,
			);
			path = data;
			sourceTree = "<group>";
		};
		46E3FF3316AD3CFB00BD305F /* GUI */ = {
			isa = PBXGroup;
			children = (
				46E3FF3416AD3CFB00BD305F /* AttributeEditor.cpp */,
				46E3FF3516AD3CFB00BD305F /* BasicBox.cpp */,
				46E3FF3616AD3CFB00BD305F /* BoxContextMenu.cpp */,
				46E3FF3716AD3CFB00BD305F /* BoxCurveEdit.cpp */,
				46E3FF3816AD3CFB00BD305F /* BoxWidget.cpp */,
				46E3FF3916AD3CFB00BD305F /* ChooseTemporalRelation.cpp */,
				46E3FF3A16AD3CFB00BD305F /* Comment.cpp */,
				46E3FF3B16AD3CFB00BD305F /* ControlBox.cpp */,
				46E3FF3C16AD3CFB00BD305F /* ControlBoxContextMenu.cpp */,
				46E3FF3D16AD3CFB00BD305F /* CurvesWidget.cpp */,
				46E3FF3E16AD3CFB00BD305F /* CurveWidget.cpp */,
				46E3FF3F16AD3CFB00BD305F /* Help.cpp */,
				46E3FF4016AD3CFB00BD305F /* Interpolation.cpp */,
				46E3FF4116AD3CFB00BD305F /* LogarithmicSlider.cpp */,
				46E3FF4216AD3CFB00BD305F /* MainWindow.cpp */,
				46E3FF4316AD3CFB00BD305F /* MaquetteScene.cpp */,
				46E3FF4416AD3CFB00BD305F /* MaquetteView.cpp */,
				46E3FF4516AD3CFB00BD305F /* MaquetteWidget.cpp */,
				46E3FF4616AD3CFB00BD305F /* NetworkConfig.cpp */,
				46E3FF4716AD3CFB00BD305F /* NetworkMessagesEditor.cpp */,
				46E3FF4816AD3CFB00BD305F /* NetworkTree.cpp */,
				46E3FF4916AD3CFB00BD305F /* ParentBox.cpp */,
				46E3FF4A16AD3CFB00BD305F /* ParentBoxContextMenu.cpp */,
				46E3FF4B16AD3CFB00BD305F /* PlayingThread.cpp */,
				46E3FF4C16AD3CFB00BD305F /* PreviewArea.cpp */,
				46E3FF4D16AD3CFB00BD305F /* Relation.cpp */,
				46E3FF4E16AD3CFB00BD305F /* RelationEdit.cpp */,
				46E3FF4F16AD3CFB00BD305F /* SoundBox.cpp */,
				46E3FF5016AD3CFB00BD305F /* SoundBoxContextMenu.cpp */,
				46E3FF5116AD3CFB00BD305F /* TextEdit.cpp */,
				46E3FF5216AD3CFB00BD305F /* TimeBarWidget.cpp */,
				46E3FF5316AD3CFB00BD305F /* TreeMap.cpp */,
				46E3FF5416AD3CFB00BD305F /* TreeMapElement.cpp */,
				46E3FF5516AD3CFB00BD305F /* TriggerPoint.cpp */,
				46E3FF5616AD3CFB00BD305F /* ViewRelations.cpp */,
			);
			path = GUI;
			sourceTree = "<group>";
		};
/* End PBXGroup section */

/* Begin PBXLegacyTarget section */
		46BE0C2416AD3CA600F3041C /* i-score */ = {
			isa = PBXLegacyTarget;
			buildArgumentsString = "$(ACTION)";
			buildConfigurationList = 46BE0C2716AD3CA600F3041C /* Build configuration list for PBXLegacyTarget "i-score" */;
			buildPhases = (
			);
			buildToolPath = /usr/bin/make;
			dependencies = (
			);
			name = "i-score";
			passBuildSettingsInEnvironment = 1;
			productName = "i-score";
		};
/* End PBXLegacyTarget section */

/* Begin PBXProject section */
		46BE0C1F16AD3CA600F3041C /* Project object */ = {
			isa = PBXProject;
			attributes = {
				LastUpgradeCheck = 0450;
				ORGANIZATIONNAME = LaBri;
			};
			buildConfigurationList = 46BE0C2216AD3CA600F3041C /* Build configuration list for PBXProject "i-score" */;
			compatibilityVersion = "Xcode 3.2";
			developmentRegion = English;
			hasScannedForEncodings = 0;
			knownRegions = (
				en,
			);
			mainGroup = 46BE0C1D16AD3CA600F3041C;
			projectDirPath = "";
			projectRoot = "";
			targets = (
				46BE0C2416AD3CA600F3041C /* i-score */,
			);
		};
/* End PBXProject section */

/* Begin XCBuildConfiguration section */
		46BE0C2516AD3CA600F3041C /* Debug */ = {
			isa = XCBuildConfiguration;
			buildSettings = {
				ALWAYS_SEARCH_USER_PATHS = NO;
				ARCHS = "$(ARCHS_STANDARD_64_BIT)";
				CLANG_CXX_LANGUAGE_STANDARD = "gnu++0x";
				CLANG_CXX_LIBRARY = "libc++";
				CLANG_WARN_EMPTY_BODY = YES;
				CLANG_WARN__DUPLICATE_METHOD_MATCH = YES;
				COPY_PHASE_STRIP = NO;
				GCC_C_LANGUAGE_STANDARD = gnu99;
				GCC_DYNAMIC_NO_PIC = NO;
				GCC_ENABLE_OBJC_EXCEPTIONS = YES;
				GCC_OPTIMIZATION_LEVEL = 0;
				GCC_PREPROCESSOR_DEFINITIONS = (
					"DEBUG=1",
					"$(inherited)",
				);
				GCC_SYMBOLS_PRIVATE_EXTERN = NO;
				GCC_WARN_64_TO_32_BIT_CONVERSION = YES;
				GCC_WARN_ABOUT_RETURN_TYPE = YES;
				GCC_WARN_UNINITIALIZED_AUTOS = YES;
				GCC_WARN_UNUSED_VARIABLE = YES;
				MACOSX_DEPLOYMENT_TARGET = 10.8;
				ONLY_ACTIVE_ARCH = YES;
				SDKROOT = macosx;
			};
			name = Debug;
		};
		46BE0C2616AD3CA600F3041C /* Release */ = {
			isa = XCBuildConfiguration;
			buildSettings = {
				ALWAYS_SEARCH_USER_PATHS = NO;
				ARCHS = "$(ARCHS_STANDARD_64_BIT)";
				CLANG_CXX_LANGUAGE_STANDARD = "gnu++0x";
				CLANG_CXX_LIBRARY = "libc++";
				CLANG_WARN_EMPTY_BODY = YES;
				CLANG_WARN__DUPLICATE_METHOD_MATCH = YES;
				COPY_PHASE_STRIP = YES;
				DEBUG_INFORMATION_FORMAT = "dwarf-with-dsym";
				GCC_C_LANGUAGE_STANDARD = gnu99;
				GCC_ENABLE_OBJC_EXCEPTIONS = YES;
				GCC_WARN_64_TO_32_BIT_CONVERSION = YES;
				GCC_WARN_ABOUT_RETURN_TYPE = YES;
				GCC_WARN_UNINITIALIZED_AUTOS = YES;
				GCC_WARN_UNUSED_VARIABLE = YES;
				MACOSX_DEPLOYMENT_TARGET = 10.8;
				SDKROOT = macosx;
			};
			name = Release;
		};
		46BE0C2816AD3CA600F3041C /* Debug */ = {
			isa = XCBuildConfiguration;
			buildSettings = {
				COMBINE_HIDPI_IMAGES = YES;
				DEBUGGING_SYMBOLS = YES;
				GCC_GENERATE_DEBUGGING_SYMBOLS = YES;
				GCC_OPTIMIZATION_LEVEL = 0;
				OTHER_CFLAGS = "";
				OTHER_LDFLAGS = "";
				PRODUCT_NAME = "$(TARGET_NAME)";
			};
			name = Debug;
		};
		46BE0C2916AD3CA600F3041C /* Release */ = {
			isa = XCBuildConfiguration;
			buildSettings = {
				COMBINE_HIDPI_IMAGES = YES;
				OTHER_CFLAGS = "";
				OTHER_LDFLAGS = "";
				PRODUCT_NAME = "$(TARGET_NAME)";
			};
			name = Release;
		};
/* End XCBuildConfiguration section */

/* Begin XCConfigurationList section */
		46BE0C2216AD3CA600F3041C /* Build configuration list for PBXProject "i-score" */ = {
			isa = XCConfigurationList;
			buildConfigurations = (
				46BE0C2516AD3CA600F3041C /* Debug */,
				46BE0C2616AD3CA600F3041C /* Release */,
			);
			defaultConfigurationIsVisible = 0;
			defaultConfigurationName = Release;
		};
		46BE0C2716AD3CA600F3041C /* Build configuration list for PBXLegacyTarget "i-score" */ = {
			isa = XCConfigurationList;
			buildConfigurations = (
				46BE0C2816AD3CA600F3041C /* Debug */,
				46BE0C2916AD3CA600F3041C /* Release */,
			);
			defaultConfigurationIsVisible = 0;
			defaultConfigurationName = Release;
		};
/* End XCConfigurationList section */
	};
	rootObject = 46BE0C1F16AD3CA600F3041C /* Project object */;
}
